// !$*UTF8*$!
{
	archiveVersion = 1;
	classes = {
	};
	objectVersion = 48;
	objects = {

/* Begin PBXBuildFile section */
		500249CF204C53FB006110DE /* AppDelegate.swift in Sources */ = {isa = PBXBuildFile; fileRef = 500249CE204C53FB006110DE /* AppDelegate.swift */; };
		500249D6204C53FB006110DE /* Assets.xcassets in Resources */ = {isa = PBXBuildFile; fileRef = 500249D5204C53FB006110DE /* Assets.xcassets */; };
		500249D9204C53FB006110DE /* LaunchScreen.storyboard in Resources */ = {isa = PBXBuildFile; fileRef = 500249D7204C53FB006110DE /* LaunchScreen.storyboard */; };
		50024A2E204C563C006110DE /* MessagesAvatarImage.swift in Sources */ = {isa = PBXBuildFile; fileRef = 50024A14204C563B006110DE /* MessagesAvatarImage.swift */; };
		50024A2F204C563C006110DE /* VideoMediaItem.swift in Sources */ = {isa = PBXBuildFile; fileRef = 50024A15204C563B006110DE /* VideoMediaItem.swift */; };
		50024A30204C563C006110DE /* Message.swift in Sources */ = {isa = PBXBuildFile; fileRef = 50024A16204C563B006110DE /* Message.swift */; };
		50024A31204C563C006110DE /* MediaItem.swift in Sources */ = {isa = PBXBuildFile; fileRef = 50024A17204C563B006110DE /* MediaItem.swift */; };
		50024A32204C563C006110DE /* LocationMediaItem.swift in Sources */ = {isa = PBXBuildFile; fileRef = 50024A18204C563B006110DE /* LocationMediaItem.swift */; };
		50024A33204C563C006110DE /* AudioMediaItem.swift in Sources */ = {isa = PBXBuildFile; fileRef = 50024A19204C563B006110DE /* AudioMediaItem.swift */; };
		50024A34204C563C006110DE /* PhotoMediaItem.swift in Sources */ = {isa = PBXBuildFile; fileRef = 50024A1A204C563B006110DE /* PhotoMediaItem.swift */; };
		50024A35204C563C006110DE /* MessagesViewController.storyboard in Resources */ = {isa = PBXBuildFile; fileRef = 50024A1B204C563B006110DE /* MessagesViewController.storyboard */; };
		50024A36204C563C006110DE /* jsq_messages_sample.m4a in Resources */ = {isa = PBXBuildFile; fileRef = 50024A1D204C563B006110DE /* jsq_messages_sample.m4a */; };
		50024A37204C563C006110DE /* MessagesSectionController.swift in Sources */ = {isa = PBXBuildFile; fileRef = 50024A1F204C563B006110DE /* MessagesSectionController.swift */; };
		50024A38204C563C006110DE /* MessagesMediaViewBubbleImageMasker.swift in Sources */ = {isa = PBXBuildFile; fileRef = 50024A21204C563C006110DE /* MessagesMediaViewBubbleImageMasker.swift */; };
		50024A39204C563C006110DE /* MessagesOutgoingCollectionViewCell.swift in Sources */ = {isa = PBXBuildFile; fileRef = 50024A23204C563C006110DE /* MessagesOutgoingCollectionViewCell.swift */; };
		50024A3A204C563C006110DE /* MessagesIncomingCollectionViewCell.swift in Sources */ = {isa = PBXBuildFile; fileRef = 50024A24204C563C006110DE /* MessagesIncomingCollectionViewCell.swift */; };
		50024A3B204C563C006110DE /* MessagesIncomingCollectionViewCell.xib in Resources */ = {isa = PBXBuildFile; fileRef = 50024A25204C563C006110DE /* MessagesIncomingCollectionViewCell.xib */; };
		50024A3C204C563C006110DE /* MessagesOutgoingCollectionViewCell.xib in Resources */ = {isa = PBXBuildFile; fileRef = 50024A26204C563C006110DE /* MessagesOutgoingCollectionViewCell.xib */; };
		50024A3D204C563C006110DE /* MessagesCollectionViewCell.swift in Sources */ = {isa = PBXBuildFile; fileRef = 50024A27204C563C006110DE /* MessagesCollectionViewCell.swift */; };
		50024A3E204C563C006110DE /* CTTextView.swift in Sources */ = {isa = PBXBuildFile; fileRef = 50024A28204C563C006110DE /* CTTextView.swift */; };
		50024A3F204C563C006110DE /* Messages+UIView.swift in Sources */ = {isa = PBXBuildFile; fileRef = 50024A2A204C563C006110DE /* Messages+UIView.swift */; };
		50024A40204C563C006110DE /* Messages+UIImage.swift in Sources */ = {isa = PBXBuildFile; fileRef = 50024A2B204C563C006110DE /* Messages+UIImage.swift */; };
		50024A41204C563C006110DE /* Messages+UIColor.swift in Sources */ = {isa = PBXBuildFile; fileRef = 50024A2C204C563C006110DE /* Messages+UIColor.swift */; };
		50024A42204C563C006110DE /* MessagesViewController.swift in Sources */ = {isa = PBXBuildFile; fileRef = 50024A2D204C563C006110DE /* MessagesViewController.swift */; };
		9AA256FBA66FB4935FFF143D /* Pods_MessagesViewController.framework in Frameworks */ = {isa = PBXBuildFile; fileRef = DDA9649DB7C8B4B96C278B71 /* Pods_MessagesViewController.framework */; };
/* End PBXBuildFile section */

/* Begin PBXFileReference section */
		500249CB204C53FB006110DE /* MessagesViewController.app */ = {isa = PBXFileReference; explicitFileType = wrapper.application; includeInIndex = 0; path = MessagesViewController.app; sourceTree = BUILT_PRODUCTS_DIR; };
		500249CE204C53FB006110DE /* AppDelegate.swift */ = {isa = PBXFileReference; lastKnownFileType = sourcecode.swift; path = AppDelegate.swift; sourceTree = "<group>"; };
		500249D5204C53FB006110DE /* Assets.xcassets */ = {isa = PBXFileReference; lastKnownFileType = folder.assetcatalog; path = Assets.xcassets; sourceTree = "<group>"; };
		500249D8204C53FB006110DE /* Base */ = {isa = PBXFileReference; lastKnownFileType = file.storyboard; name = Base; path = Base.lproj/LaunchScreen.storyboard; sourceTree = "<group>"; };
		500249DA204C53FB006110DE /* Info.plist */ = {isa = PBXFileReference; lastKnownFileType = text.plist.xml; path = Info.plist; sourceTree = "<group>"; };
		50024A14204C563B006110DE /* MessagesAvatarImage.swift */ = {isa = PBXFileReference; fileEncoding = 4; lastKnownFileType = sourcecode.swift; path = MessagesAvatarImage.swift; sourceTree = "<group>"; };
		50024A15204C563B006110DE /* VideoMediaItem.swift */ = {isa = PBXFileReference; fileEncoding = 4; lastKnownFileType = sourcecode.swift; path = VideoMediaItem.swift; sourceTree = "<group>"; };
		50024A16204C563B006110DE /* Message.swift */ = {isa = PBXFileReference; fileEncoding = 4; lastKnownFileType = sourcecode.swift; path = Message.swift; sourceTree = "<group>"; };
		50024A17204C563B006110DE /* MediaItem.swift */ = {isa = PBXFileReference; fileEncoding = 4; lastKnownFileType = sourcecode.swift; path = MediaItem.swift; sourceTree = "<group>"; };
		50024A18204C563B006110DE /* LocationMediaItem.swift */ = {isa = PBXFileReference; fileEncoding = 4; lastKnownFileType = sourcecode.swift; path = LocationMediaItem.swift; sourceTree = "<group>"; };
		50024A19204C563B006110DE /* AudioMediaItem.swift */ = {isa = PBXFileReference; fileEncoding = 4; lastKnownFileType = sourcecode.swift; path = AudioMediaItem.swift; sourceTree = "<group>"; };
		50024A1A204C563B006110DE /* PhotoMediaItem.swift */ = {isa = PBXFileReference; fileEncoding = 4; lastKnownFileType = sourcecode.swift; path = PhotoMediaItem.swift; sourceTree = "<group>"; };
		50024A1B204C563B006110DE /* MessagesViewController.storyboard */ = {isa = PBXFileReference; fileEncoding = 4; lastKnownFileType = file.storyboard; path = MessagesViewController.storyboard; sourceTree = "<group>"; };
		50024A1D204C563B006110DE /* jsq_messages_sample.m4a */ = {isa = PBXFileReference; lastKnownFileType = file; path = jsq_messages_sample.m4a; sourceTree = "<group>"; };
		50024A1F204C563B006110DE /* MessagesSectionController.swift */ = {isa = PBXFileReference; fileEncoding = 4; lastKnownFileType = sourcecode.swift; path = MessagesSectionController.swift; sourceTree = "<group>"; };
		50024A21204C563C006110DE /* MessagesMediaViewBubbleImageMasker.swift */ = {isa = PBXFileReference; fileEncoding = 4; lastKnownFileType = sourcecode.swift; path = MessagesMediaViewBubbleImageMasker.swift; sourceTree = "<group>"; };
		50024A23204C563C006110DE /* MessagesOutgoingCollectionViewCell.swift */ = {isa = PBXFileReference; fileEncoding = 4; lastKnownFileType = sourcecode.swift; path = MessagesOutgoingCollectionViewCell.swift; sourceTree = "<group>"; };
		50024A24204C563C006110DE /* MessagesIncomingCollectionViewCell.swift */ = {isa = PBXFileReference; fileEncoding = 4; lastKnownFileType = sourcecode.swift; path = MessagesIncomingCollectionViewCell.swift; sourceTree = "<group>"; };
		50024A25204C563C006110DE /* MessagesIncomingCollectionViewCell.xib */ = {isa = PBXFileReference; fileEncoding = 4; lastKnownFileType = file.xib; path = MessagesIncomingCollectionViewCell.xib; sourceTree = "<group>"; };
		50024A26204C563C006110DE /* MessagesOutgoingCollectionViewCell.xib */ = {isa = PBXFileReference; fileEncoding = 4; lastKnownFileType = file.xib; path = MessagesOutgoingCollectionViewCell.xib; sourceTree = "<group>"; };
		50024A27204C563C006110DE /* MessagesCollectionViewCell.swift */ = {isa = PBXFileReference; fileEncoding = 4; lastKnownFileType = sourcecode.swift; path = MessagesCollectionViewCell.swift; sourceTree = "<group>"; };
		50024A28204C563C006110DE /* CTTextView.swift */ = {isa = PBXFileReference; fileEncoding = 4; lastKnownFileType = sourcecode.swift; path = CTTextView.swift; sourceTree = "<group>"; };
		50024A2A204C563C006110DE /* Messages+UIView.swift */ = {isa = PBXFileReference; fileEncoding = 4; lastKnownFileType = sourcecode.swift; path = "Messages+UIView.swift"; sourceTree = "<group>"; };
		50024A2B204C563C006110DE /* Messages+UIImage.swift */ = {isa = PBXFileReference; fileEncoding = 4; lastKnownFileType = sourcecode.swift; path = "Messages+UIImage.swift"; sourceTree = "<group>"; };
		50024A2C204C563C006110DE /* Messages+UIColor.swift */ = {isa = PBXFileReference; fileEncoding = 4; lastKnownFileType = sourcecode.swift; path = "Messages+UIColor.swift"; sourceTree = "<group>"; };
		50024A2D204C563C006110DE /* MessagesViewController.swift */ = {isa = PBXFileReference; fileEncoding = 4; lastKnownFileType = sourcecode.swift; path = MessagesViewController.swift; sourceTree = "<group>"; };
		75D801AF206904DEE04DFF49 /* Pods-MessagesViewController.release.xcconfig */ = {isa = PBXFileReference; includeInIndex = 1; lastKnownFileType = text.xcconfig; name = "Pods-MessagesViewController.release.xcconfig"; path = "Pods/Target Support Files/Pods-MessagesViewController/Pods-MessagesViewController.release.xcconfig"; sourceTree = "<group>"; };
		B09B980C2AAABB32B59D1C68 /* Pods-MessagesViewController.debug.xcconfig */ = {isa = PBXFileReference; includeInIndex = 1; lastKnownFileType = text.xcconfig; name = "Pods-MessagesViewController.debug.xcconfig"; path = "Pods/Target Support Files/Pods-MessagesViewController/Pods-MessagesViewController.debug.xcconfig"; sourceTree = "<group>"; };
		DDA9649DB7C8B4B96C278B71 /* Pods_MessagesViewController.framework */ = {isa = PBXFileReference; explicitFileType = wrapper.framework; includeInIndex = 0; path = Pods_MessagesViewController.framework; sourceTree = BUILT_PRODUCTS_DIR; };
/* End PBXFileReference section */

/* Begin PBXFrameworksBuildPhase section */
		500249C8204C53FB006110DE /* Frameworks */ = {
			isa = PBXFrameworksBuildPhase;
			buildActionMask = 2147483647;
			files = (
				9AA256FBA66FB4935FFF143D /* Pods_MessagesViewController.framework in Frameworks */,
			);
			runOnlyForDeploymentPostprocessing = 0;
		};
/* End PBXFrameworksBuildPhase section */

/* Begin PBXGroup section */
		500249C2204C53FB006110DE = {
			isa = PBXGroup;
			children = (
				500249CD204C53FB006110DE /* MessagesViewController */,
				500249CC204C53FB006110DE /* Products */,
				8DF613CA1B28BF3A1EED3235 /* Pods */,
				BCE60A893842D1DAC878DE31 /* Frameworks */,
			);
			sourceTree = "<group>";
		};
		500249CC204C53FB006110DE /* Products */ = {
			isa = PBXGroup;
			children = (
				500249CB204C53FB006110DE /* MessagesViewController.app */,
			);
			name = Products;
			sourceTree = "<group>";
		};
		500249CD204C53FB006110DE /* MessagesViewController */ = {
			isa = PBXGroup;
			children = (
				500249CE204C53FB006110DE /* AppDelegate.swift */,
				50024A43204C5656006110DE /* Storyboard */,
				50024A44204C566C006110DE /* ViewController */,
				50024A1E204C563B006110DE /* SectionController */,
				50024A22204C563C006110DE /* View */,
				50024A13204C563B006110DE /* Model */,
				50024A29204C563C006110DE /* Extension */,
				50024A20204C563C006110DE /* Factories */,
				50024A1C204C563B006110DE /* Resource */,
				500249D5204C53FB006110DE /* Assets.xcassets */,
				500249D7204C53FB006110DE /* LaunchScreen.storyboard */,
				500249DA204C53FB006110DE /* Info.plist */,
			);
			path = MessagesViewController;
			sourceTree = "<group>";
		};
		50024A13204C563B006110DE /* Model */ = {
			isa = PBXGroup;
			children = (
				50024A14204C563B006110DE /* MessagesAvatarImage.swift */,
				50024A15204C563B006110DE /* VideoMediaItem.swift */,
				50024A16204C563B006110DE /* Message.swift */,
				50024A17204C563B006110DE /* MediaItem.swift */,
				50024A18204C563B006110DE /* LocationMediaItem.swift */,
				50024A19204C563B006110DE /* AudioMediaItem.swift */,
				50024A1A204C563B006110DE /* PhotoMediaItem.swift */,
			);
			path = Model;
			sourceTree = "<group>";
		};
		50024A1C204C563B006110DE /* Resource */ = {
			isa = PBXGroup;
			children = (
				50024A1D204C563B006110DE /* jsq_messages_sample.m4a */,
			);
			name = Resource;
			path = ../../Example/PlaygroundLibrary/MessagesViewController/Resource;
			sourceTree = "<group>";
		};
		50024A1E204C563B006110DE /* SectionController */ = {
			isa = PBXGroup;
			children = (
				50024A1F204C563B006110DE /* MessagesSectionController.swift */,
			);
			path = SectionController;
			sourceTree = "<group>";
		};
		50024A20204C563C006110DE /* Factories */ = {
			isa = PBXGroup;
			children = (
				50024A21204C563C006110DE /* MessagesMediaViewBubbleImageMasker.swift */,
			);
			path = Factories;
			sourceTree = "<group>";
		};
		50024A22204C563C006110DE /* View */ = {
			isa = PBXGroup;
			children = (
				50024A23204C563C006110DE /* MessagesOutgoingCollectionViewCell.swift */,
				50024A24204C563C006110DE /* MessagesIncomingCollectionViewCell.swift */,
				50024A25204C563C006110DE /* MessagesIncomingCollectionViewCell.xib */,
				50024A26204C563C006110DE /* MessagesOutgoingCollectionViewCell.xib */,
				50024A27204C563C006110DE /* MessagesCollectionViewCell.swift */,
				50024A28204C563C006110DE /* CTTextView.swift */,
			);
			path = View;
			sourceTree = "<group>";
		};
		50024A29204C563C006110DE /* Extension */ = {
			isa = PBXGroup;
			children = (
				50024A2A204C563C006110DE /* Messages+UIView.swift */,
				50024A2B204C563C006110DE /* Messages+UIImage.swift */,
				50024A2C204C563C006110DE /* Messages+UIColor.swift */,
			);
			path = Extension;
			sourceTree = "<group>";
		};
		50024A43204C5656006110DE /* Storyboard */ = {
			isa = PBXGroup;
			children = (
				50024A1B204C563B006110DE /* MessagesViewController.storyboard */,
			);
			path = Storyboard;
			sourceTree = "<group>";
		};
		50024A44204C566C006110DE /* ViewController */ = {
			isa = PBXGroup;
			children = (
				50024A2D204C563C006110DE /* MessagesViewController.swift */,
			);
			name = ViewController;
			path = "New Group";
			sourceTree = "<group>";
		};
		8DF613CA1B28BF3A1EED3235 /* Pods */ = {
			isa = PBXGroup;
			children = (
				B09B980C2AAABB32B59D1C68 /* Pods-MessagesViewController.debug.xcconfig */,
				75D801AF206904DEE04DFF49 /* Pods-MessagesViewController.release.xcconfig */,
			);
			name = Pods;
			sourceTree = "<group>";
		};
		BCE60A893842D1DAC878DE31 /* Frameworks */ = {
			isa = PBXGroup;
			children = (
				DDA9649DB7C8B4B96C278B71 /* Pods_MessagesViewController.framework */,
			);
			name = Frameworks;
			sourceTree = "<group>";
		};
/* End PBXGroup section */

/* Begin PBXNativeTarget section */
		500249CA204C53FB006110DE /* MessagesViewController */ = {
			isa = PBXNativeTarget;
			buildConfigurationList = 500249DD204C53FB006110DE /* Build configuration list for PBXNativeTarget "MessagesViewController" */;
			buildPhases = (
				A769EEBA14B8BF1ABAD30351 /* [CP] Check Pods Manifest.lock */,
				500249C7204C53FB006110DE /* Sources */,
				500249C8204C53FB006110DE /* Frameworks */,
				500249C9204C53FB006110DE /* Resources */,
				58154B603472ACD1F544DCFB /* [CP] Embed Pods Frameworks */,
				C1CBFB3417A97C4C44137755 /* [CP] Copy Pods Resources */,
			);
			buildRules = (
			);
			dependencies = (
			);
			name = MessagesViewController;
			productName = MessagesViewController;
			productReference = 500249CB204C53FB006110DE /* MessagesViewController.app */;
			productType = "com.apple.product-type.application";
		};
/* End PBXNativeTarget section */

/* Begin PBXProject section */
		500249C3204C53FB006110DE /* Project object */ = {
			isa = PBXProject;
			attributes = {
				LastSwiftUpdateCheck = 0920;
				LastUpgradeCheck = 0920;
				ORGANIZATIONNAME = "Chittapon Thongchim";
				TargetAttributes = {
					500249CA204C53FB006110DE = {
						CreatedOnToolsVersion = 9.2;
						ProvisioningStyle = Automatic;
					};
				};
			};
			buildConfigurationList = 500249C6204C53FB006110DE /* Build configuration list for PBXProject "MessagesViewController" */;
			compatibilityVersion = "Xcode 8.0";
			developmentRegion = en;
			hasScannedForEncodings = 0;
			knownRegions = (
				en,
				Base,
			);
			mainGroup = 500249C2204C53FB006110DE;
			productRefGroup = 500249CC204C53FB006110DE /* Products */;
			projectDirPath = "";
			projectRoot = "";
			targets = (
				500249CA204C53FB006110DE /* MessagesViewController */,
			);
		};
/* End PBXProject section */

/* Begin PBXResourcesBuildPhase section */
		500249C9204C53FB006110DE /* Resources */ = {
			isa = PBXResourcesBuildPhase;
			buildActionMask = 2147483647;
			files = (
				50024A3C204C563C006110DE /* MessagesOutgoingCollectionViewCell.xib in Resources */,
				50024A3B204C563C006110DE /* MessagesIncomingCollectionViewCell.xib in Resources */,
				50024A35204C563C006110DE /* MessagesViewController.storyboard in Resources */,
				50024A36204C563C006110DE /* jsq_messages_sample.m4a in Resources */,
				500249D9204C53FB006110DE /* LaunchScreen.storyboard in Resources */,
				500249D6204C53FB006110DE /* Assets.xcassets in Resources */,
			);
			runOnlyForDeploymentPostprocessing = 0;
		};
/* End PBXResourcesBuildPhase section */

/* Begin PBXShellScriptBuildPhase section */
		58154B603472ACD1F544DCFB /* [CP] Embed Pods Frameworks */ = {
			isa = PBXShellScriptBuildPhase;
			buildActionMask = 2147483647;
			files = (
			);
			inputPaths = (
			);
			name = "[CP] Embed Pods Frameworks";
			outputPaths = (
			);
			runOnlyForDeploymentPostprocessing = 0;
			shellPath = /bin/sh;
			shellScript = "\"${SRCROOT}/Pods/Target Support Files/Pods-MessagesViewController/Pods-MessagesViewController-frameworks.sh\"\n";
			showEnvVarsInLog = 0;
		};
		A769EEBA14B8BF1ABAD30351 /* [CP] Check Pods Manifest.lock */ = {
			isa = PBXShellScriptBuildPhase;
			buildActionMask = 2147483647;
			files = (
			);
			inputPaths = (
			);
			name = "[CP] Check Pods Manifest.lock";
			outputPaths = (
			);
			runOnlyForDeploymentPostprocessing = 0;
			shellPath = /bin/sh;
			shellScript = "diff \"${PODS_PODFILE_DIR_PATH}/Podfile.lock\" \"${PODS_ROOT}/Manifest.lock\" > /dev/null\nif [ $? != 0 ] ; then\n    # print error to STDERR\n    echo \"error: The sandbox is not in sync with the Podfile.lock. Run 'pod install' or update your CocoaPods installation.\" >&2\n    exit 1\nfi\n";
			showEnvVarsInLog = 0;
		};
		C1CBFB3417A97C4C44137755 /* [CP] Copy Pods Resources */ = {
			isa = PBXShellScriptBuildPhase;
			buildActionMask = 2147483647;
			files = (
			);
			inputPaths = (
			);
			name = "[CP] Copy Pods Resources";
			outputPaths = (
			);
			runOnlyForDeploymentPostprocessing = 0;
			shellPath = /bin/sh;
			shellScript = "\"${SRCROOT}/Pods/Target Support Files/Pods-MessagesViewController/Pods-MessagesViewController-resources.sh\"\n";
			showEnvVarsInLog = 0;
		};
/* End PBXShellScriptBuildPhase section */

/* Begin PBXSourcesBuildPhase section */
		500249C7204C53FB006110DE /* Sources */ = {
			isa = PBXSourcesBuildPhase;
			buildActionMask = 2147483647;
			files = (
				50024A34204C563C006110DE /* PhotoMediaItem.swift in Sources */,
				50024A32204C563C006110DE /* LocationMediaItem.swift in Sources */,
				50024A41204C563C006110DE /* Messages+UIColor.swift in Sources */,
				50024A3E204C563C006110DE /* CTTextView.swift in Sources */,
				50024A2F204C563C006110DE /* VideoMediaItem.swift in Sources */,
				50024A37204C563C006110DE /* MessagesSectionController.swift in Sources */,
				50024A40204C563C006110DE /* Messages+UIImage.swift in Sources */,
				50024A30204C563C006110DE /* Message.swift in Sources */,
				50024A33204C563C006110DE /* AudioMediaItem.swift in Sources */,
				50024A3A204C563C006110DE /* MessagesIncomingCollectionViewCell.swift in Sources */,
				50024A38204C563C006110DE /* MessagesMediaViewBubbleImageMasker.swift in Sources */,
				50024A31204C563C006110DE /* MediaItem.swift in Sources */,
				50024A42204C563C006110DE /* MessagesViewController.swift in Sources */,
				50024A3D204C563C006110DE /* MessagesCollectionViewCell.swift in Sources */,
				50024A2E204C563C006110DE /* MessagesAvatarImage.swift in Sources */,
				50024A39204C563C006110DE /* MessagesOutgoingCollectionViewCell.swift in Sources */,
				50024A3F204C563C006110DE /* Messages+UIView.swift in Sources */,
				500249CF204C53FB006110DE /* AppDelegate.swift in Sources */,
			);
			runOnlyForDeploymentPostprocessing = 0;
		};
/* End PBXSourcesBuildPhase section */

/* Begin PBXVariantGroup section */
		500249D7204C53FB006110DE /* LaunchScreen.storyboard */ = {
			isa = PBXVariantGroup;
			children = (
				500249D8204C53FB006110DE /* Base */,
			);
			name = LaunchScreen.storyboard;
			sourceTree = "<group>";
		};
/* End PBXVariantGroup section */

/* Begin XCBuildConfiguration section */
		500249DB204C53FB006110DE /* Debug */ = {
			isa = XCBuildConfiguration;
			buildSettings = {
				ALWAYS_SEARCH_USER_PATHS = NO;
				CLANG_ANALYZER_NONNULL = YES;
				CLANG_ANALYZER_NUMBER_OBJECT_CONVERSION = YES_AGGRESSIVE;
				CLANG_CXX_LANGUAGE_STANDARD = "gnu++14";
				CLANG_CXX_LIBRARY = "libc++";
				CLANG_ENABLE_MODULES = YES;
				CLANG_ENABLE_OBJC_ARC = YES;
				CLANG_WARN_BLOCK_CAPTURE_AUTORELEASING = YES;
				CLANG_WARN_BOOL_CONVERSION = YES;
				CLANG_WARN_COMMA = YES;
				CLANG_WARN_CONSTANT_CONVERSION = YES;
				CLANG_WARN_DIRECT_OBJC_ISA_USAGE = YES_ERROR;
				CLANG_WARN_DOCUMENTATION_COMMENTS = YES;
				CLANG_WARN_EMPTY_BODY = YES;
				CLANG_WARN_ENUM_CONVERSION = YES;
				CLANG_WARN_INFINITE_RECURSION = YES;
				CLANG_WARN_INT_CONVERSION = YES;
				CLANG_WARN_NON_LITERAL_NULL_CONVERSION = YES;
				CLANG_WARN_OBJC_LITERAL_CONVERSION = YES;
				CLANG_WARN_OBJC_ROOT_CLASS = YES_ERROR;
				CLANG_WARN_RANGE_LOOP_ANALYSIS = YES;
				CLANG_WARN_STRICT_PROTOTYPES = YES;
				CLANG_WARN_SUSPICIOUS_MOVE = YES;
				CLANG_WARN_UNGUARDED_AVAILABILITY = YES_AGGRESSIVE;
				CLANG_WARN_UNREACHABLE_CODE = YES;
				CLANG_WARN__DUPLICATE_METHOD_MATCH = YES;
				CODE_SIGN_IDENTITY = "iPhone Developer";
				COPY_PHASE_STRIP = NO;
				DEBUG_INFORMATION_FORMAT = dwarf;
				ENABLE_STRICT_OBJC_MSGSEND = YES;
				ENABLE_TESTABILITY = YES;
				GCC_C_LANGUAGE_STANDARD = gnu11;
				GCC_DYNAMIC_NO_PIC = NO;
				GCC_NO_COMMON_BLOCKS = YES;
				GCC_OPTIMIZATION_LEVEL = 0;
				GCC_PREPROCESSOR_DEFINITIONS = (
					"DEBUG=1",
					"$(inherited)",
				);
				GCC_WARN_64_TO_32_BIT_CONVERSION = YES;
				GCC_WARN_ABOUT_RETURN_TYPE = YES_ERROR;
				GCC_WARN_UNDECLARED_SELECTOR = YES;
				GCC_WARN_UNINITIALIZED_AUTOS = YES_AGGRESSIVE;
				GCC_WARN_UNUSED_FUNCTION = YES;
				GCC_WARN_UNUSED_VARIABLE = YES;
				IPHONEOS_DEPLOYMENT_TARGET = 11.2;
				MTL_ENABLE_DEBUG_INFO = YES;
				ONLY_ACTIVE_ARCH = YES;
				SDKROOT = iphoneos;
				SWIFT_ACTIVE_COMPILATION_CONDITIONS = DEBUG;
				SWIFT_OPTIMIZATION_LEVEL = "-Onone";
			};
			name = Debug;
		};
		500249DC204C53FB006110DE /* Release */ = {
			isa = XCBuildConfiguration;
			buildSettings = {
				ALWAYS_SEARCH_USER_PATHS = NO;
				CLANG_ANALYZER_NONNULL = YES;
				CLANG_ANALYZER_NUMBER_OBJECT_CONVERSION = YES_AGGRESSIVE;
				CLANG_CXX_LANGUAGE_STANDARD = "gnu++14";
				CLANG_CXX_LIBRARY = "libc++";
				CLANG_ENABLE_MODULES = YES;
				CLANG_ENABLE_OBJC_ARC = YES;
				CLANG_WARN_BLOCK_CAPTURE_AUTORELEASING = YES;
				CLANG_WARN_BOOL_CONVERSION = YES;
				CLANG_WARN_COMMA = YES;
				CLANG_WARN_CONSTANT_CONVERSION = YES;
				CLANG_WARN_DIRECT_OBJC_ISA_USAGE = YES_ERROR;
				CLANG_WARN_DOCUMENTATION_COMMENTS = YES;
				CLANG_WARN_EMPTY_BODY = YES;
				CLANG_WARN_ENUM_CONVERSION = YES;
				CLANG_WARN_INFINITE_RECURSION = YES;
				CLANG_WARN_INT_CONVERSION = YES;
				CLANG_WARN_NON_LITERAL_NULL_CONVERSION = YES;
				CLANG_WARN_OBJC_LITERAL_CONVERSION = YES;
				CLANG_WARN_OBJC_ROOT_CLASS = YES_ERROR;
				CLANG_WARN_RANGE_LOOP_ANALYSIS = YES;
				CLANG_WARN_STRICT_PROTOTYPES = YES;
				CLANG_WARN_SUSPICIOUS_MOVE = YES;
				CLANG_WARN_UNGUARDED_AVAILABILITY = YES_AGGRESSIVE;
				CLANG_WARN_UNREACHABLE_CODE = YES;
				CLANG_WARN__DUPLICATE_METHOD_MATCH = YES;
				CODE_SIGN_IDENTITY = "iPhone Developer";
				COPY_PHASE_STRIP = NO;
				DEBUG_INFORMATION_FORMAT = "dwarf-with-dsym";
				ENABLE_NS_ASSERTIONS = NO;
				ENABLE_STRICT_OBJC_MSGSEND = YES;
				GCC_C_LANGUAGE_STANDARD = gnu11;
				GCC_NO_COMMON_BLOCKS = YES;
				GCC_WARN_64_TO_32_BIT_CONVERSION = YES;
				GCC_WARN_ABOUT_RETURN_TYPE = YES_ERROR;
				GCC_WARN_UNDECLARED_SELECTOR = YES;
				GCC_WARN_UNINITIALIZED_AUTOS = YES_AGGRESSIVE;
				GCC_WARN_UNUSED_FUNCTION = YES;
				GCC_WARN_UNUSED_VARIABLE = YES;
				IPHONEOS_DEPLOYMENT_TARGET = 11.2;
				MTL_ENABLE_DEBUG_INFO = NO;
				SDKROOT = iphoneos;
				SWIFT_OPTIMIZATION_LEVEL = "-Owholemodule";
				VALIDATE_PRODUCT = YES;
			};
			name = Release;
		};
		500249DE204C53FB006110DE /* Debug */ = {
			isa = XCBuildConfiguration;
			baseConfigurationReference = B09B980C2AAABB32B59D1C68 /* Pods-MessagesViewController.debug.xcconfig */;
			buildSettings = {
				ASSETCATALOG_COMPILER_APPICON_NAME = AppIcon;
				CODE_SIGN_STYLE = Automatic;
				DEVELOPMENT_TEAM = QQQMLKUH8C;
				INFOPLIST_FILE = MessagesViewController/Info.plist;
				LD_RUNPATH_SEARCH_PATHS = "$(inherited) @executable_path/Frameworks";
				PRODUCT_BUNDLE_IDENTIFIER = papcoe.MessagesViewController;
				PRODUCT_NAME = "$(TARGET_NAME)";
				SWIFT_VERSION = 4.0;
				TARGETED_DEVICE_FAMILY = 1;
			};
			name = Debug;
		};
		500249DF204C53FB006110DE /* Release */ = {
			isa = XCBuildConfiguration;
			baseConfigurationReference = 75D801AF206904DEE04DFF49 /* Pods-MessagesViewController.release.xcconfig */;
			buildSettings = {
				ASSETCATALOG_COMPILER_APPICON_NAME = AppIcon;
				CODE_SIGN_STYLE = Automatic;
				DEVELOPMENT_TEAM = QQQMLKUH8C;
				INFOPLIST_FILE = MessagesViewController/Info.plist;
				LD_RUNPATH_SEARCH_PATHS = "$(inherited) @executable_path/Frameworks";
				PRODUCT_BUNDLE_IDENTIFIER = papcoe.MessagesViewController;
				PRODUCT_NAME = "$(TARGET_NAME)";
				SWIFT_VERSION = 4.0;
				TARGETED_DEVICE_FAMILY = 1;
			};
			name = Release;
		};
/* End XCBuildConfiguration section */

/* Begin XCConfigurationList section */
		500249C6204C53FB006110DE /* Build configuration list for PBXProject "MessagesViewController" */ = {
			isa = XCConfigurationList;
			buildConfigurations = (
				500249DB204C53FB006110DE /* Debug */,
				500249DC204C53FB006110DE /* Release */,
			);
			defaultConfigurationIsVisible = 0;
			defaultConfigurationName = Release;
		};
		500249DD204C53FB006110DE /* Build configuration list for PBXNativeTarget "MessagesViewController" */ = {
			isa = XCConfigurationList;
			buildConfigurations = (
				500249DE204C53FB006110DE /* Debug */,
				500249DF204C53FB006110DE /* Release */,
			);
			defaultConfigurationIsVisible = 0;
			defaultConfigurationName = Release;
		};
/* End XCConfigurationList section */
	};
	rootObject = 500249C3204C53FB006110DE /* Project object */;
}
